{
    "name": "root",
    "version": "0.0.0",
    "lockfileVersion": 2,
    "requires": true,
    "packages": {
        "": {
            "name": "root",
            "version": "0.0.0",
            "license": "MIT",
            "workspaces": [
                "packages/*"
            ]
        },
        "node_modules/@docupotamus/docusaurus-styles-classic": {
            "resolved": "packages/docusaurus-styles-classic",
            "link": true
        },
        "packages/docusaurus-styles-classic": {
            "name": "@docupotamus/docusaurus-styles-classic",
            "version": "0.2.0",
            "license": "MIT",
            "engines": {
                "node": ">=16.14"
            }
        }
    },
    "dependencies": {
        "@docupotamus/docusaurus-styles-classic": {
            "version": "file:packages/docusaurus-styles-classic"
        }
    }
}
